
Microsoft Visual Studio Solution File, Format Version 12.00
# Visual Studio Version 17
VisualStudioVersion = 17.13.35825.156 d17.13
MinimumVisualStudioVersion = 10.0.40219.1
Project("{FAE04EC0-301F-11D3-BF4B-00C04F79EFBC}") = "controle-de-medicamentos.WebApplication", "controle-de-medicamentos.WebApplication\controle-de-medicamentos.WebApplication.csproj", "{2682981C-6802-4287-86FA-69A9F015431D}"
EndProject
Global
	GlobalSection(SolutionConfigurationPlatforms) = preSolution
		Debug|Any CPU = Debug|Any CPU
		Release|Any CPU = Release|Any CPU
	EndGlobalSection
	GlobalSection(ProjectConfigurationPlatforms) = postSolution
		{2682981C-6802-4287-86FA-69A9F015431D}.Debug|Any CPU.ActiveCfg = Debug|Any CPU
		{2682981C-6802-4287-86FA-69A9F015431D}.Debug|Any CPU.Build.0 = Debug|Any CPU
		{2682981C-6802-4287-86FA-69A9F015431D}.Release|Any CPU.ActiveCfg = Release|Any CPU
		{2682981C-6802-4287-86FA-69A9F015431D}.Release|Any CPU.Build.0 = Release|Any CPU
	EndGlobalSection
	GlobalSection(SolutionProperties) = preSolution
		HideSolutionNode = FALSE
	EndGlobalSection
	GlobalSection(ExtensibilityGlobals) = postSolution
		SolutionGuid = {D8FCE39F-E79F-4E66-8C5D-4B546A7C9C1E}
	EndGlobalSection
EndGlobal
